Microsoft Visual Studio Solution File, Format Version 12.00
# Visual Studio Version 17
Project("{FAE04EC0-301F-11D3-BF4B-00C04F79EFBC}") = "ClearKryptIDE.Core", "src\ClearKryptIDE.Core\ClearKryptIDE.Core.csproj", "{1A6B6D0A-7A3B-4B7E-9C33-A1B111111111}"
EndProject
Project("{FAE04EC0-301F-11D3-BF4B-00C04F79EFBC}") = "ClearKryptIDE", "src\ClearKryptIDE\ClearKryptIDE.csproj", "{1A6B6D0A-7A3B-4B7E-9C33-A1B222222222}"
EndProject
Project("{FAE04EC0-301F-11D3-BF4B-00C04F79EFBC}") = "ClearKryptIDE.Core.Tests", "tests\ClearKryptIDE.Core.Tests\ClearKryptIDE.Core.Tests.csproj", "{1A6B6D0A-7A3B-4B7E-9C33-A1B333333333}"
EndProject
Global
	GlobalSection(SolutionConfigurationPlatforms) = preSolution
		Debug|Any CPU = Debug|Any CPU
		Release|Any CPU = Release|Any CPU
	EndGlobalSection
	GlobalSection(ProjectConfigurationPlatforms) = postSolution
		{1A6B6D0A-7A3B-4B7E-9C33-A1B111111111}.Debug|Any CPU.ActiveCfg = Debug|Any CPU
		{1A6B6D0A-7A3B-4B7E-9C33-A1B111111111}.Debug|Any CPU.Build.0 = Debug|Any CPU
		{1A6B6D0A-7A3B-4B7E-9C33-A1B111111111}.Release|Any CPU.ActiveCfg = Release|Any CPU
		{1A6B6D0A-7A3B-4B7E-9C33-A1B111111111}.Release|Any CPU.Build.0 = Release|Any CPU
		{1A6B6D0A-7A3B-4B7E-9C33-A1B222222222}.Debug|Any CPU.ActiveCfg = Debug|Any CPU
		{1A6B6D0A-7A3B-4B7E-9C33-A1B222222222}.Debug|Any CPU.Build.0 = Debug|Any CPU
		{1A6B6D0A-7A3B-4B7E-9C33-A1B222222222}.Release|Any CPU.ActiveCfg = Release|Any CPU
		{1A6B6D0A-7A3B-4B7E-9C33-A1B222222222}.Release|Any CPU.Build.0 = Release|Any CPU
		{1A6B6D0A-7A3B-4B7E-9C33-A1B333333333}.Debug|Any CPU.ActiveCfg = Debug|Any CPU
		{1A6B6D0A-7A3B-4B7E-9C33-A1B333333333}.Debug|Any CPU.Build.0 = Debug|Any CPU
		{1A6B6D0A-7A3B-4B7E-9C33-A1B333333333}.Release|Any CPU.ActiveCfg = Release|Any CPU
		{1A6B6D0A-7A3B-4B7E-9C33-A1B333333333}.Release|Any CPU.Build.0 = Release|Any CPU
	EndGlobalSection
EndGlobal
